
Microsoft Visual Studio Solution File, Format Version 12.00
# Visual Studio Version 16
VisualStudioVersion = 16.0.28729.10
MinimumVisualStudioVersion = 10.0.40219.1
Project("{FAE04EC0-301F-11D3-BF4B-00C04F79EFBC}") = "CannotDisableThreadExitMessages", "CannotDisableThreadExitMessages\CannotDisableThreadExitMessages.csproj", "{799CAD90-4843-4C1D-9D54-7569B1C680DA}"
EndProject
Project("{E53339B2-1760-4266-BCC7-CA923CBCF16C}") = "docker-compose", "docker-compose.dcproj", "{2E6AB1CA-A9D7-461F-AA25-F14538A7FD06}"
EndProject
Global
	GlobalSection(SolutionConfigurationPlatforms) = preSolution
		Debug|Any CPU = Debug|Any CPU
		Release|Any CPU = Release|Any CPU
	EndGlobalSection
	GlobalSection(ProjectConfigurationPlatforms) = postSolution
		{799CAD90-4843-4C1D-9D54-7569B1C680DA}.Debug|Any CPU.ActiveCfg = Debug|Any CPU
		{799CAD90-4843-4C1D-9D54-7569B1C680DA}.Debug|Any CPU.Build.0 = Debug|Any CPU
		{799CAD90-4843-4C1D-9D54-7569B1C680DA}.Release|Any CPU.ActiveCfg = Release|Any CPU
		{799CAD90-4843-4C1D-9D54-7569B1C680DA}.Release|Any CPU.Build.0 = Release|Any CPU
		{2E6AB1CA-A9D7-461F-AA25-F14538A7FD06}.Debug|Any CPU.ActiveCfg = Debug|Any CPU
		{2E6AB1CA-A9D7-461F-AA25-F14538A7FD06}.Debug|Any CPU.Build.0 = Debug|Any CPU
		{2E6AB1CA-A9D7-461F-AA25-F14538A7FD06}.Release|Any CPU.ActiveCfg = Release|Any CPU
		{2E6AB1CA-A9D7-461F-AA25-F14538A7FD06}.Release|Any CPU.Build.0 = Release|Any CPU
	EndGlobalSection
	GlobalSection(SolutionProperties) = preSolution
		HideSolutionNode = FALSE
	EndGlobalSection
	GlobalSection(ExtensibilityGlobals) = postSolution
		SolutionGuid = {CCDF98C4-41D0-4DDB-BF68-9E343EDB3736}
	EndGlobalSection
EndGlobal
